
Microsoft Visual Studio Solution File, Format Version 12.00
# Visual Studio Version 17
VisualStudioVersion = 17.14.36616.10 d17.14
MinimumVisualStudioVersion = 10.0.40219.1
Project("{FAE04EC0-301F-11D3-BF4B-00C04F79EFBC}") = "StudentGradeApp", "StudentGradeApp.csproj", "{5D3FB2E8-20C2-4109-9D85-DE45ECFDB9CA}"
EndProject
Global
	GlobalSection(SolutionConfigurationPlatforms) = preSolution
		Debug|Any CPU = Debug|Any CPU
		Release|Any CPU = Release|Any CPU
	EndGlobalSection
	GlobalSection(ProjectConfigurationPlatforms) = postSolution
		{5D3FB2E8-20C2-4109-9D85-DE45ECFDB9CA}.Debug|Any CPU.ActiveCfg = Debug|Any CPU
		{5D3FB2E8-20C2-4109-9D85-DE45ECFDB9CA}.Debug|Any CPU.Build.0 = Debug|Any CPU
		{5D3FB2E8-20C2-4109-9D85-DE45ECFDB9CA}.Release|Any CPU.ActiveCfg = Release|Any CPU
		{5D3FB2E8-20C2-4109-9D85-DE45ECFDB9CA}.Release|Any CPU.Build.0 = Release|Any CPU
	EndGlobalSection
	GlobalSection(SolutionProperties) = preSolution
		HideSolutionNode = FALSE
	EndGlobalSection
	GlobalSection(ExtensibilityGlobals) = postSolution
		SolutionGuid = {8F7F9B3B-F5FB-4F21-8BC4-C06554A738C3}
	EndGlobalSection
EndGlobal
